
Microsoft Visual Studio Solution File, Format Version 12.00
# Visual Studio Version 17
VisualStudioVersion = 17.3.32819.101
MinimumVisualStudioVersion = 10.0.40219.1
Project("{FAE04EC0-301F-11D3-BF4B-00C04F79EFBC}") = "MVCFirstApp", "MVCFirstApp.csproj", "{C28D5341-6A46-4DB7-BCCB-3025065282D2}"
EndProject
Global
	GlobalSection(SolutionConfigurationPlatforms) = preSolution
		Debug|Any CPU = Debug|Any CPU
		Release|Any CPU = Release|Any CPU
	EndGlobalSection
	GlobalSection(ProjectConfigurationPlatforms) = postSolution
		{C28D5341-6A46-4DB7-BCCB-3025065282D2}.Debug|Any CPU.ActiveCfg = Debug|Any CPU
		{C28D5341-6A46-4DB7-BCCB-3025065282D2}.Debug|Any CPU.Build.0 = Debug|Any CPU
		{C28D5341-6A46-4DB7-BCCB-3025065282D2}.Release|Any CPU.ActiveCfg = Release|Any CPU
		{C28D5341-6A46-4DB7-BCCB-3025065282D2}.Release|Any CPU.Build.0 = Release|Any CPU
	EndGlobalSection
	GlobalSection(SolutionProperties) = preSolution
		HideSolutionNode = FALSE
	EndGlobalSection
	GlobalSection(ExtensibilityGlobals) = postSolution
		SolutionGuid = {1EA5AFED-BAA2-4E97-99DA-0076DB7D441C}
	EndGlobalSection
EndGlobal
